{
    "_readme": [
        "This file locks the dependencies of your project to a known state",
        "Read more about it at https://getcomposer.org/doc/01-basic-usage.md#composer-lock-the-lock-file",
        "This file is @generated automatically"
    ],
    "content-hash": "ee6ee875e8f387c6f541438da74d1658",
    "packages": [
        {
            "name": "xpaw/php-minecraft-query",
            "version": "2.0.0",
            "source": {
                "type": "git",
                "url": "https://github.com/xPaw/PHP-Minecraft-Query.git",
                "reference": "d7184150af24c82341cfe3c34fc8d2c788ef2815"
            },
            "dist": {
                "type": "zip",
                "url": "https://api.github.com/repos/xPaw/PHP-Minecraft-Query/zipball/d7184150af24c82341cfe3c34fc8d2c788ef2815",
                "reference": "d7184150af24c82341cfe3c34fc8d2c788ef2815",
                "shasum": ""
            },
            "require": {
                "php": ">=5.4"
            },
            "type": "library",
            "autoload": {
                "psr-4": {
                    "xPaw\\": "src"
                }
            },
            "notification-url": "https://packagist.org/downloads/",
            "license": [
                "MIT"
            ],
            "description": "PHP library to query Minecraft servers",
            "keywords": [
                "minecraft"
            ],
            "time": "2016-11-06T08:23:55+00:00"
        }
    ],
    "packages-dev": [],
    "aliases": [],
    "minimum-stability": "stable",
    "stability-flags": [],
    "prefer-stable": false,
    "prefer-lowest": false,
    "platform": [],
    "platform-dev": []
}
